
Microsoft Visual Studio Solution File, Format Version 12.00
# Visual Studio Version 16
VisualStudioVersion = 16.0.30320.27
MinimumVisualStudioVersion = 10.0.40219.1
Project("{FAE04EC0-301F-11D3-BF4B-00C04F79EFBC}") = "Rent", "Rent\Rent.csproj", "{DECAEC49-0A55-4204-8612-7EB1ACC31EC9}"
EndProject
Global
	GlobalSection(SolutionConfigurationPlatforms) = preSolution
		Debug|Any CPU = Debug|Any CPU
		Release|Any CPU = Release|Any CPU
	EndGlobalSection
	GlobalSection(ProjectConfigurationPlatforms) = postSolution
		{DECAEC49-0A55-4204-8612-7EB1ACC31EC9}.Debug|Any CPU.ActiveCfg = Debug|Any CPU
		{DECAEC49-0A55-4204-8612-7EB1ACC31EC9}.Debug|Any CPU.Build.0 = Debug|Any CPU
		{DECAEC49-0A55-4204-8612-7EB1ACC31EC9}.Release|Any CPU.ActiveCfg = Release|Any CPU
		{DECAEC49-0A55-4204-8612-7EB1ACC31EC9}.Release|Any CPU.Build.0 = Release|Any CPU
	EndGlobalSection
	GlobalSection(SolutionProperties) = preSolution
		HideSolutionNode = FALSE
	EndGlobalSection
	GlobalSection(ExtensibilityGlobals) = postSolution
		SolutionGuid = {897126AE-3017-428D-9D2E-E7511EE9AB3A}
	EndGlobalSection
EndGlobal
